
Microsoft Visual Studio Solution File, Format Version 12.00
# Visual Studio Version 16
VisualStudioVersion = 16.0.30621.155
MinimumVisualStudioVersion = 10.0.40219.1
Project("{2150E333-8FDC-42A3-9474-1A3956D46DE8}") = "Src", "Src", "{78A5E081-056D-49F6-AB44-6DC65E05CBD4}"
EndProject
Project("{2150E333-8FDC-42A3-9474-1A3956D46DE8}") = "Presentation", "Presentation", "{C4E2F69D-8EA8-45F8-92A3-5A911C36D78D}"
EndProject
Project("{9A19103F-16F7-4668-BE54-9A1E7A4F7556}") = "WebApi", "Src\Presentation\WebApi\WebApi.csproj", "{CE2A71FC-DB2E-4DB1-88EB-963875AB18BA}"
EndProject
Project("{2150E333-8FDC-42A3-9474-1A3956D46DE8}") = "Docs", "Docs", "{CA9E1D70-171E-40D9-8FFE-2E90C9186762}"
	ProjectSection(SolutionItems) = preProject
		readme.md = readme.md
	EndProjectSection
EndProject
Project("{2150E333-8FDC-42A3-9474-1A3956D46DE8}") = "Tests", "Tests", "{CF98EB37-EFF3-4D90-812B-B7D3D7BF0693}"
EndProject
Project("{2150E333-8FDC-42A3-9474-1A3956D46DE8}") = "Core", "Core", "{AE1255E0-EFBA-4F4A-BDA3-21BDDAE95686}"
EndProject
Project("{2150E333-8FDC-42A3-9474-1A3956D46DE8}") = "Infrastructure", "Infrastructure", "{FC8460EC-5542-4E48-B968-464C2BBCC890}"
EndProject
Project("{9A19103F-16F7-4668-BE54-9A1E7A4F7556}") = "Application", "Src\Core\Application\Application.csproj", "{467613BA-9916-485A-B377-8623A1695117}"
EndProject
Project("{9A19103F-16F7-4668-BE54-9A1E7A4F7556}") = "Domain", "Src\Core\Domain\Domain.csproj", "{DE0AF292-90A1-4C90-8294-904C30D077C2}"
EndProject
Project("{9A19103F-16F7-4668-BE54-9A1E7A4F7556}") = "UnitTests", "Tests\UnitTests\UnitTests.csproj", "{6286FF3B-E2E3-4F49-BF88-9473FCA17FB1}"
EndProject
Project("{9A19103F-16F7-4668-BE54-9A1E7A4F7556}") = "Logging", "Src\Infrastructure\Logging\Logging.csproj", "{8F4B9235-94FC-4A47-9941-292C1EC9F662}"
EndProject
Project("{9A19103F-16F7-4668-BE54-9A1E7A4F7556}") = "Persistence", "Src\Infrastructure\Persistence\Persistence.csproj", "{BC210EBE-C2DE-49BF-BAD7-7F77ADEEABB2}"
EndProject
Project("{2150E333-8FDC-42A3-9474-1A3956D46DE8}") = "Docker", "Docker", "{BAC3F68C-C095-475A-880A-FADA34EA7857}"
EndProject
Global
	GlobalSection(SolutionConfigurationPlatforms) = preSolution
		Debug|Any CPU = Debug|Any CPU
		Release|Any CPU = Release|Any CPU
	EndGlobalSection
	GlobalSection(ProjectConfigurationPlatforms) = postSolution
		{CE2A71FC-DB2E-4DB1-88EB-963875AB18BA}.Debug|Any CPU.ActiveCfg = Debug|Any CPU
		{CE2A71FC-DB2E-4DB1-88EB-963875AB18BA}.Debug|Any CPU.Build.0 = Debug|Any CPU
		{CE2A71FC-DB2E-4DB1-88EB-963875AB18BA}.Release|Any CPU.ActiveCfg = Release|Any CPU
		{CE2A71FC-DB2E-4DB1-88EB-963875AB18BA}.Release|Any CPU.Build.0 = Release|Any CPU
		{467613BA-9916-485A-B377-8623A1695117}.Debug|Any CPU.ActiveCfg = Debug|Any CPU
		{467613BA-9916-485A-B377-8623A1695117}.Debug|Any CPU.Build.0 = Debug|Any CPU
		{467613BA-9916-485A-B377-8623A1695117}.Release|Any CPU.ActiveCfg = Release|Any CPU
		{467613BA-9916-485A-B377-8623A1695117}.Release|Any CPU.Build.0 = Release|Any CPU
		{DE0AF292-90A1-4C90-8294-904C30D077C2}.Debug|Any CPU.ActiveCfg = Debug|Any CPU
		{DE0AF292-90A1-4C90-8294-904C30D077C2}.Debug|Any CPU.Build.0 = Debug|Any CPU
		{DE0AF292-90A1-4C90-8294-904C30D077C2}.Release|Any CPU.ActiveCfg = Release|Any CPU
		{DE0AF292-90A1-4C90-8294-904C30D077C2}.Release|Any CPU.Build.0 = Release|Any CPU
		{6286FF3B-E2E3-4F49-BF88-9473FCA17FB1}.Debug|Any CPU.ActiveCfg = Debug|Any CPU
		{6286FF3B-E2E3-4F49-BF88-9473FCA17FB1}.Debug|Any CPU.Build.0 = Debug|Any CPU
		{6286FF3B-E2E3-4F49-BF88-9473FCA17FB1}.Release|Any CPU.ActiveCfg = Release|Any CPU
		{6286FF3B-E2E3-4F49-BF88-9473FCA17FB1}.Release|Any CPU.Build.0 = Release|Any CPU
		{8F4B9235-94FC-4A47-9941-292C1EC9F662}.Debug|Any CPU.ActiveCfg = Debug|Any CPU
		{8F4B9235-94FC-4A47-9941-292C1EC9F662}.Debug|Any CPU.Build.0 = Debug|Any CPU
		{8F4B9235-94FC-4A47-9941-292C1EC9F662}.Release|Any CPU.ActiveCfg = Release|Any CPU
		{8F4B9235-94FC-4A47-9941-292C1EC9F662}.Release|Any CPU.Build.0 = Release|Any CPU
		{BC210EBE-C2DE-49BF-BAD7-7F77ADEEABB2}.Debug|Any CPU.ActiveCfg = Debug|Any CPU
		{BC210EBE-C2DE-49BF-BAD7-7F77ADEEABB2}.Debug|Any CPU.Build.0 = Debug|Any CPU
		{BC210EBE-C2DE-49BF-BAD7-7F77ADEEABB2}.Release|Any CPU.ActiveCfg = Release|Any CPU
		{BC210EBE-C2DE-49BF-BAD7-7F77ADEEABB2}.Release|Any CPU.Build.0 = Release|Any CPU
	EndGlobalSection
	GlobalSection(SolutionProperties) = preSolution
		HideSolutionNode = FALSE
	EndGlobalSection
	GlobalSection(NestedProjects) = preSolution
		{C4E2F69D-8EA8-45F8-92A3-5A911C36D78D} = {78A5E081-056D-49F6-AB44-6DC65E05CBD4}
		{CE2A71FC-DB2E-4DB1-88EB-963875AB18BA} = {C4E2F69D-8EA8-45F8-92A3-5A911C36D78D}
		{AE1255E0-EFBA-4F4A-BDA3-21BDDAE95686} = {78A5E081-056D-49F6-AB44-6DC65E05CBD4}
		{FC8460EC-5542-4E48-B968-464C2BBCC890} = {78A5E081-056D-49F6-AB44-6DC65E05CBD4}
		{467613BA-9916-485A-B377-8623A1695117} = {AE1255E0-EFBA-4F4A-BDA3-21BDDAE95686}
		{DE0AF292-90A1-4C90-8294-904C30D077C2} = {AE1255E0-EFBA-4F4A-BDA3-21BDDAE95686}
		{6286FF3B-E2E3-4F49-BF88-9473FCA17FB1} = {CF98EB37-EFF3-4D90-812B-B7D3D7BF0693}
		{8F4B9235-94FC-4A47-9941-292C1EC9F662} = {FC8460EC-5542-4E48-B968-464C2BBCC890}
		{BC210EBE-C2DE-49BF-BAD7-7F77ADEEABB2} = {FC8460EC-5542-4E48-B968-464C2BBCC890}
	EndGlobalSection
	GlobalSection(ExtensibilityGlobals) = postSolution
		SolutionGuid = {48FF3792-6252-4FB0-90C1-F38128995BC4}
	EndGlobalSection
EndGlobal
